
Microsoft Visual Studio Solution File, Format Version 12.00
# Visual Studio Version 16
VisualStudioVersion = 16.0.29519.181
MinimumVisualStudioVersion = 10.0.40219.1
Project("{FAE04EC0-301F-11D3-BF4B-00C04F79EFBC}") = "AbstractFactory", "AbstractFactory\AbstractFactory.csproj", "{651911FE-0913-4FAF-847E-BF000185557D}"
EndProject
Global
	GlobalSection(SolutionConfigurationPlatforms) = preSolution
		Debug|Any CPU = Debug|Any CPU
		Release|Any CPU = Release|Any CPU
	EndGlobalSection
	GlobalSection(ProjectConfigurationPlatforms) = postSolution
		{651911FE-0913-4FAF-847E-BF000185557D}.Debug|Any CPU.ActiveCfg = Debug|Any CPU
		{651911FE-0913-4FAF-847E-BF000185557D}.Debug|Any CPU.Build.0 = Debug|Any CPU
		{651911FE-0913-4FAF-847E-BF000185557D}.Release|Any CPU.ActiveCfg = Release|Any CPU
		{651911FE-0913-4FAF-847E-BF000185557D}.Release|Any CPU.Build.0 = Release|Any CPU
	EndGlobalSection
	GlobalSection(SolutionProperties) = preSolution
		HideSolutionNode = FALSE
	EndGlobalSection
	GlobalSection(ExtensibilityGlobals) = postSolution
		SolutionGuid = {E8E7B490-05DF-4C58-A313-9466476424E0}
	EndGlobalSection
EndGlobal
